
Microsoft Visual Studio Solution File, Format Version 12.00
# Visual Studio Version 17
VisualStudioVersion = 17.3.32901.215
MinimumVisualStudioVersion = 10.0.40219.1
Project("{FAE04EC0-301F-11D3-BF4B-00C04F79EFBC}") = "QuickShort", "QuickShort\QuickShort.csproj", "{6916AC02-065D-44BF-AABE-60970EDD95A6}"
EndProject
Global
	GlobalSection(SolutionConfigurationPlatforms) = preSolution
		Debug|Any CPU = Debug|Any CPU
		Release|Any CPU = Release|Any CPU
	EndGlobalSection
	GlobalSection(ProjectConfigurationPlatforms) = postSolution
		{6916AC02-065D-44BF-AABE-60970EDD95A6}.Debug|Any CPU.ActiveCfg = Debug|Any CPU
		{6916AC02-065D-44BF-AABE-60970EDD95A6}.Debug|Any CPU.Build.0 = Debug|Any CPU
		{6916AC02-065D-44BF-AABE-60970EDD95A6}.Release|Any CPU.ActiveCfg = Release|Any CPU
		{6916AC02-065D-44BF-AABE-60970EDD95A6}.Release|Any CPU.Build.0 = Release|Any CPU
	EndGlobalSection
	GlobalSection(SolutionProperties) = preSolution
		HideSolutionNode = FALSE
	EndGlobalSection
	GlobalSection(ExtensibilityGlobals) = postSolution
		SolutionGuid = {2B4F1CFA-1D8E-4C03-A8F8-EEEC2DA854EF}
	EndGlobalSection
EndGlobal
